
Microsoft Visual Studio Solution File, Format Version 12.00
# Visual Studio Version 17
VisualStudioVersion = 17.10.34928.147
MinimumVisualStudioVersion = 10.0.40219.1
Project("{8BC9CEB8-8B4A-11D0-8D11-00A0C91BC942}") = "ftBittleX", "ftBittleX.vcxproj", "{83C3222D-7A8B-4229-AFF7-49B113914ADE}"
	ProjectSection(ProjectDependencies) = postProject
		{A8517FB2-C74E-43BD-B3C6-B05D3FC11ECD} = {A8517FB2-C74E-43BD-B3C6-B05D3FC11ECD}
	EndProjectSection
EndProject
Project("{8BC9CEB8-8B4A-11D0-8D11-00A0C91BC942}") = "serial", "..\OpenCat_serial\serial\visual_studio\serial\serial.vcxproj", "{A8517FB2-C74E-43BD-B3C6-B05D3FC11ECD}"
EndProject
Project("{8BC9CEB8-8B4A-11D0-8D11-00A0C91BC942}") = "OpenCatEsp32", "..\OpenCatEsp32\OpenCatEsp32.vcxproj", "{7F141656-27E2-4F9D-9062-7DD06E9A7F3B}"
EndProject
Global
	GlobalSection(SolutionConfigurationPlatforms) = preSolution
		Debug|x64 = Debug|x64
		Debug|x86 = Debug|x86
		Release|x64 = Release|x64
		Release|x86 = Release|x86
	EndGlobalSection
	GlobalSection(ProjectConfigurationPlatforms) = postSolution
		{83C3222D-7A8B-4229-AFF7-49B113914ADE}.Debug|x64.ActiveCfg = Debug|x64
		{83C3222D-7A8B-4229-AFF7-49B113914ADE}.Debug|x64.Build.0 = Debug|x64
		{83C3222D-7A8B-4229-AFF7-49B113914ADE}.Debug|x86.ActiveCfg = Debug|Win32
		{83C3222D-7A8B-4229-AFF7-49B113914ADE}.Debug|x86.Build.0 = Debug|Win32
		{83C3222D-7A8B-4229-AFF7-49B113914ADE}.Release|x64.ActiveCfg = Release|x64
		{83C3222D-7A8B-4229-AFF7-49B113914ADE}.Release|x64.Build.0 = Release|x64
		{83C3222D-7A8B-4229-AFF7-49B113914ADE}.Release|x86.ActiveCfg = Release|Win32
		{83C3222D-7A8B-4229-AFF7-49B113914ADE}.Release|x86.Build.0 = Release|Win32
		{A8517FB2-C74E-43BD-B3C6-B05D3FC11ECD}.Debug|x64.ActiveCfg = Debug|x64
		{A8517FB2-C74E-43BD-B3C6-B05D3FC11ECD}.Debug|x64.Build.0 = Debug|x64
		{A8517FB2-C74E-43BD-B3C6-B05D3FC11ECD}.Debug|x86.ActiveCfg = Debug|Win32
		{A8517FB2-C74E-43BD-B3C6-B05D3FC11ECD}.Debug|x86.Build.0 = Debug|Win32
		{A8517FB2-C74E-43BD-B3C6-B05D3FC11ECD}.Release|x64.ActiveCfg = Release|x64
		{A8517FB2-C74E-43BD-B3C6-B05D3FC11ECD}.Release|x64.Build.0 = Release|x64
		{A8517FB2-C74E-43BD-B3C6-B05D3FC11ECD}.Release|x86.ActiveCfg = Release|Win32
		{A8517FB2-C74E-43BD-B3C6-B05D3FC11ECD}.Release|x86.Build.0 = Release|Win32
		{7F141656-27E2-4F9D-9062-7DD06E9A7F3B}.Debug|x64.ActiveCfg = Debug|x64
		{7F141656-27E2-4F9D-9062-7DD06E9A7F3B}.Debug|x64.Build.0 = Debug|x64
		{7F141656-27E2-4F9D-9062-7DD06E9A7F3B}.Debug|x86.ActiveCfg = Debug|Win32
		{7F141656-27E2-4F9D-9062-7DD06E9A7F3B}.Debug|x86.Build.0 = Debug|Win32
		{7F141656-27E2-4F9D-9062-7DD06E9A7F3B}.Release|x64.ActiveCfg = Release|x64
		{7F141656-27E2-4F9D-9062-7DD06E9A7F3B}.Release|x64.Build.0 = Release|x64
		{7F141656-27E2-4F9D-9062-7DD06E9A7F3B}.Release|x86.ActiveCfg = Release|Win32
		{7F141656-27E2-4F9D-9062-7DD06E9A7F3B}.Release|x86.Build.0 = Release|Win32
	EndGlobalSection
	GlobalSection(SolutionProperties) = preSolution
		HideSolutionNode = FALSE
	EndGlobalSection
	GlobalSection(ExtensibilityGlobals) = postSolution
		SolutionGuid = {8191A442-3B67-4F7F-895F-E518CF943255}
	EndGlobalSection
EndGlobal
